
Microsoft Visual Studio Solution File, Format Version 12.00
# Visual Studio Version 16
VisualStudioVersion = 16.0.29215.179
MinimumVisualStudioVersion = 10.0.40219.1
Project("{9A19103F-16F7-4668-BE54-9A1E7A4F7556}") = "Zork", "Zork\Zork.csproj", "{7844AE14-9AA3-4DDD-8992-06B3BDF853E8}"
EndProject
Project("{FAE04EC0-301F-11D3-BF4B-00C04F79EFBC}") = "ZorkBuilder.WinForms", "ZorkBuilder.WinForms\ZorkBuilder.WinForms.csproj", "{81467F7F-7B07-4473-85D8-9402FC3BE1BE}"
EndProject
Global
	GlobalSection(SolutionConfigurationPlatforms) = preSolution
		Debug|Any CPU = Debug|Any CPU
		Release|Any CPU = Release|Any CPU
	EndGlobalSection
	GlobalSection(ProjectConfigurationPlatforms) = postSolution
		{7844AE14-9AA3-4DDD-8992-06B3BDF853E8}.Debug|Any CPU.ActiveCfg = Debug|Any CPU
		{7844AE14-9AA3-4DDD-8992-06B3BDF853E8}.Debug|Any CPU.Build.0 = Debug|Any CPU
		{7844AE14-9AA3-4DDD-8992-06B3BDF853E8}.Release|Any CPU.ActiveCfg = Release|Any CPU
		{7844AE14-9AA3-4DDD-8992-06B3BDF853E8}.Release|Any CPU.Build.0 = Release|Any CPU
		{81467F7F-7B07-4473-85D8-9402FC3BE1BE}.Debug|Any CPU.ActiveCfg = Debug|Any CPU
		{81467F7F-7B07-4473-85D8-9402FC3BE1BE}.Debug|Any CPU.Build.0 = Debug|Any CPU
		{81467F7F-7B07-4473-85D8-9402FC3BE1BE}.Release|Any CPU.ActiveCfg = Release|Any CPU
		{81467F7F-7B07-4473-85D8-9402FC3BE1BE}.Release|Any CPU.Build.0 = Release|Any CPU
	EndGlobalSection
	GlobalSection(SolutionProperties) = preSolution
		HideSolutionNode = FALSE
	EndGlobalSection
	GlobalSection(ExtensibilityGlobals) = postSolution
		SolutionGuid = {9A2E120B-D1B4-431A-B083-B159B1D31DA3}
	EndGlobalSection
EndGlobal
